// !$*UTF8*$!
{
	archiveVersion = 1;
	classes = {
	};
	objectVersion = 56;
	objects = {

/* Begin PBXBuildFile section */
		2CFA87E32B3ECDED0081CC1F /* AppDelegate.m in Sources */ = {isa = PBXBuildFile; fileRef = 2CFA87E22B3ECDED0081CC1F /* AppDelegate.m */; };
		2CFA87E92B3ECDED0081CC1F /* ViewController.m in Sources */ = {isa = PBXBuildFile; fileRef = 2CFA87E82B3ECDED0081CC1F /* ViewController.m */; };
		2CFA87EC2B3ECDED0081CC1F /* Main.storyboard in Resources */ = {isa = PBXBuildFile; fileRef = 2CFA87EA2B3ECDED0081CC1F /* Main.storyboard */; };
		2CFA87EE2B3ECDEF0081CC1F /* Assets.xcassets in Resources */ = {isa = PBXBuildFile; fileRef = 2CFA87ED2B3ECDEF0081CC1F /* Assets.xcassets */; };
		2CFA87F12B3ECDEF0081CC1F /* LaunchScreen.storyboard in Resources */ = {isa = PBXBuildFile; fileRef = 2CFA87EF2B3ECDEF0081CC1F /* LaunchScreen.storyboard */; };
		2CFA87F42B3ECDEF0081CC1F /* main.m in Sources */ = {isa = PBXBuildFile; fileRef = 2CFA87F32B3ECDEF0081CC1F /* main.m */; };
		2CFA88362B43BA300081CC1F /* ZKLog.framework in Frameworks */ = {isa = PBXBuildFile; fileRef = 2CFA880F2B3ED2540081CC1F /* ZKLog.framework */; };
		2CFA883B2B43BA8D0081CC1F /* File.swift in Sources */ = {isa = PBXBuildFile; fileRef = 2CFA883A2B43BA8D0081CC1F /* File.swift */; };
/* End PBXBuildFile section */

/* Begin PBXFileReference section */
		2CFA87DE2B3ECDED0081CC1F /* ZKLogDemo.app */ = {isa = PBXFileReference; explicitFileType = wrapper.application; includeInIndex = 0; path = ZKLogDemo.app; sourceTree = BUILT_PRODUCTS_DIR; };
		2CFA87E12B3ECDED0081CC1F /* AppDelegate.h */ = {isa = PBXFileReference; lastKnownFileType = sourcecode.c.h; path = AppDelegate.h; sourceTree = "<group>"; };
		2CFA87E22B3ECDED0081CC1F /* AppDelegate.m */ = {isa = PBXFileReference; lastKnownFileType = sourcecode.c.objc; path = AppDelegate.m; sourceTree = "<group>"; };
		2CFA87E72B3ECDED0081CC1F /* ViewController.h */ = {isa = PBXFileReference; lastKnownFileType = sourcecode.c.h; path = ViewController.h; sourceTree = "<group>"; };
		2CFA87E82B3ECDED0081CC1F /* ViewController.m */ = {isa = PBXFileReference; lastKnownFileType = sourcecode.c.objc; path = ViewController.m; sourceTree = "<group>"; };
		2CFA87EB2B3ECDED0081CC1F /* Base */ = {isa = PBXFileReference; lastKnownFileType = file.storyboard; name = Base; path = Base.lproj/Main.storyboard; sourceTree = "<group>"; };
		2CFA87ED2B3ECDEF0081CC1F /* Assets.xcassets */ = {isa = PBXFileReference; lastKnownFileType = folder.assetcatalog; path = Assets.xcassets; sourceTree = "<group>"; };
		2CFA87F02B3ECDEF0081CC1F /* Base */ = {isa = PBXFileReference; lastKnownFileType = file.storyboard; name = Base; path = Base.lproj/LaunchScreen.storyboard; sourceTree = "<group>"; };
		2CFA87F22B3ECDEF0081CC1F /* Info.plist */ = {isa = PBXFileReference; lastKnownFileType = text.plist.xml; path = Info.plist; sourceTree = "<group>"; };
		2CFA87F32B3ECDEF0081CC1F /* main.m */ = {isa = PBXFileReference; lastKnownFileType = sourcecode.c.objc; path = main.m; sourceTree = "<group>"; };
		2CFA880F2B3ED2540081CC1F /* ZKLog.framework */ = {isa = PBXFileReference; explicitFileType = wrapper.framework; path = ZKLog.framework; sourceTree = BUILT_PRODUCTS_DIR; };
		2CFA88392B43BA8C0081CC1F /* ZKLogDemo-Bridging-Header.h */ = {isa = PBXFileReference; lastKnownFileType = sourcecode.c.h; path = "ZKLogDemo-Bridging-Header.h"; sourceTree = "<group>"; };
		2CFA883A2B43BA8D0081CC1F /* File.swift */ = {isa = PBXFileReference; lastKnownFileType = sourcecode.swift; path = File.swift; sourceTree = "<group>"; };
/* End PBXFileReference section */

/* Begin PBXFrameworksBuildPhase section */
		2CFA87DB2B3ECDED0081CC1F /* Frameworks */ = {
			isa = PBXFrameworksBuildPhase;
			buildActionMask = 2147483647;
			files = (
				2CFA88362B43BA300081CC1F /* ZKLog.framework in Frameworks */,
			);
			runOnlyForDeploymentPostprocessing = 0;
		};
/* End PBXFrameworksBuildPhase section */

/* Begin PBXGroup section */
		2CFA87D52B3ECDED0081CC1F = {
			isa = PBXGroup;
			children = (
				2CFA87E02B3ECDED0081CC1F /* ZKLogDemo */,
				2CFA87DF2B3ECDED0081CC1F /* Products */,
				2CFA880E2B3ED2540081CC1F /* Frameworks */,
			);
			sourceTree = "<group>";
		};
		2CFA87DF2B3ECDED0081CC1F /* Products */ = {
			isa = PBXGroup;
			children = (
				2CFA87DE2B3ECDED0081CC1F /* ZKLogDemo.app */,
			);
			name = Products;
			sourceTree = "<group>";
		};
		2CFA87E02B3ECDED0081CC1F /* ZKLogDemo */ = {
			isa = PBXGroup;
			children = (
				2CFA87E12B3ECDED0081CC1F /* AppDelegate.h */,
				2CFA87E22B3ECDED0081CC1F /* AppDelegate.m */,
				2CFA87E72B3ECDED0081CC1F /* ViewController.h */,
				2CFA87E82B3ECDED0081CC1F /* ViewController.m */,
				2CFA87EA2B3ECDED0081CC1F /* Main.storyboard */,
				2CFA87ED2B3ECDEF0081CC1F /* Assets.xcassets */,
				2CFA87EF2B3ECDEF0081CC1F /* LaunchScreen.storyboard */,
				2CFA87F22B3ECDEF0081CC1F /* Info.plist */,
				2CFA87F32B3ECDEF0081CC1F /* main.m */,
				2CFA883A2B43BA8D0081CC1F /* File.swift */,
				2CFA88392B43BA8C0081CC1F /* ZKLogDemo-Bridging-Header.h */,
			);
			path = ZKLogDemo;
			sourceTree = "<group>";
		};
		2CFA880E2B3ED2540081CC1F /* Frameworks */ = {
			isa = PBXGroup;
			children = (
				2CFA880F2B3ED2540081CC1F /* ZKLog.framework */,
			);
			name = Frameworks;
			sourceTree = "<group>";
		};
/* End PBXGroup section */

/* Begin PBXNativeTarget section */
		2CFA87DD2B3ECDED0081CC1F /* ZKLogDemo */ = {
			isa = PBXNativeTarget;
			buildConfigurationList = 2CFA87F72B3ECDEF0081CC1F /* Build configuration list for PBXNativeTarget "ZKLogDemo" */;
			buildPhases = (
				2CFA87DA2B3ECDED0081CC1F /* Sources */,
				2CFA87DB2B3ECDED0081CC1F /* Frameworks */,
				2CFA87DC2B3ECDED0081CC1F /* Resources */,
			);
			buildRules = (
			);
			dependencies = (
			);
			name = ZKLogDemo;
			productName = ZKLogDemo;
			productReference = 2CFA87DE2B3ECDED0081CC1F /* ZKLogDemo.app */;
			productType = "com.apple.product-type.application";
		};
/* End PBXNativeTarget section */

/* Begin PBXProject section */
		2CFA87D62B3ECDED0081CC1F /* Project object */ = {
			isa = PBXProject;
			attributes = {
				BuildIndependentTargetsInParallel = 1;
				LastUpgradeCheck = 1420;
				TargetAttributes = {
					2CFA87DD2B3ECDED0081CC1F = {
						CreatedOnToolsVersion = 14.2;
						LastSwiftMigration = 1420;
					};
				};
			};
			buildConfigurationList = 2CFA87D92B3ECDED0081CC1F /* Build configuration list for PBXProject "ZKLogDemo" */;
			compatibilityVersion = "Xcode 14.0";
			developmentRegion = en;
			hasScannedForEncodings = 0;
			knownRegions = (
				en,
				Base,
			);
			mainGroup = 2CFA87D52B3ECDED0081CC1F;
			productRefGroup = 2CFA87DF2B3ECDED0081CC1F /* Products */;
			projectDirPath = "";
			projectRoot = "";
			targets = (
				2CFA87DD2B3ECDED0081CC1F /* ZKLogDemo */,
			);
		};
/* End PBXProject section */

/* Begin PBXResourcesBuildPhase section */
		2CFA87DC2B3ECDED0081CC1F /* Resources */ = {
			isa = PBXResourcesBuildPhase;
			buildActionMask = 2147483647;
			files = (
				2CFA87F12B3ECDEF0081CC1F /* LaunchScreen.storyboard in Resources */,
				2CFA87EE2B3ECDEF0081CC1F /* Assets.xcassets in Resources */,
				2CFA87EC2B3ECDED0081CC1F /* Main.storyboard in Resources */,
			);
			runOnlyForDeploymentPostprocessing = 0;
		};
/* End PBXResourcesBuildPhase section */

/* Begin PBXSourcesBuildPhase section */
		2CFA87DA2B3ECDED0081CC1F /* Sources */ = {
			isa = PBXSourcesBuildPhase;
			buildActionMask = 2147483647;
			files = (
				2CFA883B2B43BA8D0081CC1F /* File.swift in Sources */,
				2CFA87E92B3ECDED0081CC1F /* ViewController.m in Sources */,
				2CFA87E32B3ECDED0081CC1F /* AppDelegate.m in Sources */,
				2CFA87F42B3ECDEF0081CC1F /* main.m in Sources */,
			);
			runOnlyForDeploymentPostprocessing = 0;
		};
/* End PBXSourcesBuildPhase section */

/* Begin PBXVariantGroup section */
		2CFA87EA2B3ECDED0081CC1F /* Main.storyboard */ = {
			isa = PBXVariantGroup;
			children = (
				2CFA87EB2B3ECDED0081CC1F /* Base */,
			);
			name = Main.storyboard;
			sourceTree = "<group>";
		};
		2CFA87EF2B3ECDEF0081CC1F /* LaunchScreen.storyboard */ = {
			isa = PBXVariantGroup;
			children = (
				2CFA87F02B3ECDEF0081CC1F /* Base */,
			);
			name = LaunchScreen.storyboard;
			sourceTree = "<group>";
		};
/* End PBXVariantGroup section */

/* Begin XCBuildConfiguration section */
		2CFA87F52B3ECDEF0081CC1F /* Debug */ = {
			isa = XCBuildConfiguration;
			buildSettings = {
				ALWAYS_SEARCH_USER_PATHS = NO;
				CLANG_ANALYZER_NONNULL = YES;
				CLANG_ANALYZER_NUMBER_OBJECT_CONVERSION = YES_AGGRESSIVE;
				CLANG_CXX_LANGUAGE_STANDARD = "gnu++20";
				CLANG_ENABLE_MODULES = YES;
				CLANG_ENABLE_OBJC_ARC = YES;
				CLANG_ENABLE_OBJC_WEAK = YES;
				CLANG_WARN_BLOCK_CAPTURE_AUTORELEASING = YES;
				CLANG_WARN_BOOL_CONVERSION = YES;
				CLANG_WARN_COMMA = YES;
				CLANG_WARN_CONSTANT_CONVERSION = YES;
				CLANG_WARN_DEPRECATED_OBJC_IMPLEMENTATIONS = YES;
				CLANG_WARN_DIRECT_OBJC_ISA_USAGE = YES_ERROR;
				CLANG_WARN_DOCUMENTATION_COMMENTS = YES;
				CLANG_WARN_EMPTY_BODY = YES;
				CLANG_WARN_ENUM_CONVERSION = YES;
				CLANG_WARN_INFINITE_RECURSION = YES;
				CLANG_WARN_INT_CONVERSION = YES;
				CLANG_WARN_NON_LITERAL_NULL_CONVERSION = YES;
				CLANG_WARN_OBJC_IMPLICIT_RETAIN_SELF = YES;
				CLANG_WARN_OBJC_LITERAL_CONVERSION = YES;
				CLANG_WARN_OBJC_ROOT_CLASS = YES_ERROR;
				CLANG_WARN_QUOTED_INCLUDE_IN_FRAMEWORK_HEADER = YES;
				CLANG_WARN_RANGE_LOOP_ANALYSIS = YES;
				CLANG_WARN_STRICT_PROTOTYPES = YES;
				CLANG_WARN_SUSPICIOUS_MOVE = YES;
				CLANG_WARN_UNGUARDED_AVAILABILITY = YES_AGGRESSIVE;
				CLANG_WARN_UNREACHABLE_CODE = YES;
				CLANG_WARN__DUPLICATE_METHOD_MATCH = YES;
				COPY_PHASE_STRIP = NO;
				DEBUG_INFORMATION_FORMAT = dwarf;
				ENABLE_STRICT_OBJC_MSGSEND = YES;
				ENABLE_TESTABILITY = YES;
				GCC_C_LANGUAGE_STANDARD = gnu11;
				GCC_DYNAMIC_NO_PIC = NO;
				GCC_NO_COMMON_BLOCKS = YES;
				GCC_OPTIMIZATION_LEVEL = 0;
				GCC_PREPROCESSOR_DEFINITIONS = (
					"DEBUG=1",
					"$(inherited)",
				);
				GCC_WARN_64_TO_32_BIT_CONVERSION = YES;
				GCC_WARN_ABOUT_RETURN_TYPE = YES_ERROR;
				GCC_WARN_UNDECLARED_SELECTOR = YES;
				GCC_WARN_UNINITIALIZED_AUTOS = YES_AGGRESSIVE;
				GCC_WARN_UNUSED_FUNCTION = YES;
				GCC_WARN_UNUSED_VARIABLE = YES;
				IPHONEOS_DEPLOYMENT_TARGET = 16.2;
				MTL_ENABLE_DEBUG_INFO = INCLUDE_SOURCE;
				MTL_FAST_MATH = YES;
				ONLY_ACTIVE_ARCH = YES;
				SDKROOT = iphoneos;
			};
			name = Debug;
		};
		2CFA87F62B3ECDEF0081CC1F /* Release */ = {
			isa = XCBuildConfiguration;
			buildSettings = {
				ALWAYS_SEARCH_USER_PATHS = NO;
				CLANG_ANALYZER_NONNULL = YES;
				CLANG_ANALYZER_NUMBER_OBJECT_CONVERSION = YES_AGGRESSIVE;
				CLANG_CXX_LANGUAGE_STANDARD = "gnu++20";
				CLANG_ENABLE_MODULES = YES;
				CLANG_ENABLE_OBJC_ARC = YES;
				CLANG_ENABLE_OBJC_WEAK = YES;
				CLANG_WARN_BLOCK_CAPTURE_AUTORELEASING = YES;
				CLANG_WARN_BOOL_CONVERSION = YES;
				CLANG_WARN_COMMA = YES;
				CLANG_WARN_CONSTANT_CONVERSION = YES;
				CLANG_WARN_DEPRECATED_OBJC_IMPLEMENTATIONS = YES;
				CLANG_WARN_DIRECT_OBJC_ISA_USAGE = YES_ERROR;
				CLANG_WARN_DOCUMENTATION_COMMENTS = YES;
				CLANG_WARN_EMPTY_BODY = YES;
				CLANG_WARN_ENUM_CONVERSION = YES;
				CLANG_WARN_INFINITE_RECURSION = YES;
				CLANG_WARN_INT_CONVERSION = YES;
				CLANG_WARN_NON_LITERAL_NULL_CONVERSION = YES;
				CLANG_WARN_OBJC_IMPLICIT_RETAIN_SELF = YES;
				CLANG_WARN_OBJC_LITERAL_CONVERSION = YES;
				CLANG_WARN_OBJC_ROOT_CLASS = YES_ERROR;
				CLANG_WARN_QUOTED_INCLUDE_IN_FRAMEWORK_HEADER = YES;
				CLANG_WARN_RANGE_LOOP_ANALYSIS = YES;
				CLANG_WARN_STRICT_PROTOTYPES = YES;
				CLANG_WARN_SUSPICIOUS_MOVE = YES;
				CLANG_WARN_UNGUARDED_AVAILABILITY = YES_AGGRESSIVE;
				CLANG_WARN_UNREACHABLE_CODE = YES;
				CLANG_WARN__DUPLICATE_METHOD_MATCH = YES;
				COPY_PHASE_STRIP = NO;
				DEBUG_INFORMATION_FORMAT = "dwarf-with-dsym";
				ENABLE_NS_ASSERTIONS = NO;
				ENABLE_STRICT_OBJC_MSGSEND = YES;
				GCC_C_LANGUAGE_STANDARD = gnu11;
				GCC_NO_COMMON_BLOCKS = YES;
				GCC_WARN_64_TO_32_BIT_CONVERSION = YES;
				GCC_WARN_ABOUT_RETURN_TYPE = YES_ERROR;
				GCC_WARN_UNDECLARED_SELECTOR = YES;
				GCC_WARN_UNINITIALIZED_AUTOS = YES_AGGRESSIVE;
				GCC_WARN_UNUSED_FUNCTION = YES;
				GCC_WARN_UNUSED_VARIABLE = YES;
				IPHONEOS_DEPLOYMENT_TARGET = 16.2;
				MTL_ENABLE_DEBUG_INFO = NO;
				MTL_FAST_MATH = YES;
				SDKROOT = iphoneos;
				VALIDATE_PRODUCT = YES;
			};
			name = Release;
		};
		2CFA87F82B3ECDEF0081CC1F /* Debug */ = {
			isa = XCBuildConfiguration;
			buildSettings = {
				ASSETCATALOG_COMPILER_APPICON_NAME = AppIcon;
				ASSETCATALOG_COMPILER_GLOBAL_ACCENT_COLOR_NAME = AccentColor;
				CLANG_ENABLE_MODULES = YES;
				"CODE_SIGN_IDENTITY[sdk=iphoneos*]" = "iPhone Developer";
				CODE_SIGN_STYLE = Manual;
				CURRENT_PROJECT_VERSION = 1;
				DEVELOPMENT_TEAM = "";
				"DEVELOPMENT_TEAM[sdk=iphoneos*]" = A254KA24G3;
				GENERATE_INFOPLIST_FILE = YES;
				INFOPLIST_FILE = ZKLogDemo/Info.plist;
				INFOPLIST_KEY_UIApplicationSupportsIndirectInputEvents = YES;
				INFOPLIST_KEY_UILaunchStoryboardName = LaunchScreen;
				INFOPLIST_KEY_UIMainStoryboardFile = Main;
				INFOPLIST_KEY_UIRequiresFullScreen = YES;
				INFOPLIST_KEY_UISupportedInterfaceOrientations_iPad = "UIInterfaceOrientationPortrait UIInterfaceOrientationPortraitUpsideDown UIInterfaceOrientationLandscapeLeft UIInterfaceOrientationLandscapeRight";
				INFOPLIST_KEY_UISupportedInterfaceOrientations_iPhone = "UIInterfaceOrientationPortrait UIInterfaceOrientationLandscapeLeft UIInterfaceOrientationLandscapeRight";
				IPHONEOS_DEPLOYMENT_TARGET = 13.0;
				LD_RUNPATH_SEARCH_PATHS = (
					"$(inherited)",
					"@executable_path/Frameworks",
				);
				MARKETING_VERSION = 1.0;
				PRODUCT_BUNDLE_IDENTIFIER = com.xyz.ZKLogDemo;
				PRODUCT_NAME = "$(TARGET_NAME)";
				PROVISIONING_PROFILE_SPECIFIER = "";
				"PROVISIONING_PROFILE_SPECIFIER[sdk=iphoneos*]" = guanggao;
				SWIFT_EMIT_LOC_STRINGS = YES;
				SWIFT_OBJC_BRIDGING_HEADER = "ZKLogDemo/ZKLogDemo-Bridging-Header.h";
				SWIFT_OPTIMIZATION_LEVEL = "-Onone";
				SWIFT_VERSION = 5.0;
				TARGETED_DEVICE_FAMILY = "1,2";
			};
			name = Debug;
		};
		2CFA87F92B3ECDEF0081CC1F /* Release */ = {
			isa = XCBuildConfiguration;
			buildSettings = {
				ASSETCATALOG_COMPILER_APPICON_NAME = AppIcon;
				ASSETCATALOG_COMPILER_GLOBAL_ACCENT_COLOR_NAME = AccentColor;
				CLANG_ENABLE_MODULES = YES;
				"CODE_SIGN_IDENTITY[sdk=iphoneos*]" = "iPhone Developer";
				CODE_SIGN_STYLE = Manual;
				CURRENT_PROJECT_VERSION = 1;
				DEVELOPMENT_TEAM = "";
				"DEVELOPMENT_TEAM[sdk=iphoneos*]" = A254KA24G3;
				GENERATE_INFOPLIST_FILE = YES;
				INFOPLIST_FILE = ZKLogDemo/Info.plist;
				INFOPLIST_KEY_UIApplicationSupportsIndirectInputEvents = YES;
				INFOPLIST_KEY_UILaunchStoryboardName = LaunchScreen;
				INFOPLIST_KEY_UIMainStoryboardFile = Main;
				INFOPLIST_KEY_UIRequiresFullScreen = YES;
				INFOPLIST_KEY_UISupportedInterfaceOrientations_iPad = "UIInterfaceOrientationPortrait UIInterfaceOrientationPortraitUpsideDown UIInterfaceOrientationLandscapeLeft UIInterfaceOrientationLandscapeRight";
				INFOPLIST_KEY_UISupportedInterfaceOrientations_iPhone = "UIInterfaceOrientationPortrait UIInterfaceOrientationLandscapeLeft UIInterfaceOrientationLandscapeRight";
				IPHONEOS_DEPLOYMENT_TARGET = 13.0;
				LD_RUNPATH_SEARCH_PATHS = (
					"$(inherited)",
					"@executable_path/Frameworks",
				);
				MARKETING_VERSION = 1.0;
				PRODUCT_BUNDLE_IDENTIFIER = com.xyz.ZKLogDemo;
				PRODUCT_NAME = "$(TARGET_NAME)";
				PROVISIONING_PROFILE_SPECIFIER = "";
				"PROVISIONING_PROFILE_SPECIFIER[sdk=iphoneos*]" = guanggao;
				SWIFT_EMIT_LOC_STRINGS = YES;
				SWIFT_OBJC_BRIDGING_HEADER = "ZKLogDemo/ZKLogDemo-Bridging-Header.h";
				SWIFT_VERSION = 5.0;
				TARGETED_DEVICE_FAMILY = "1,2";
			};
			name = Release;
		};
/* End XCBuildConfiguration section */

/* Begin XCConfigurationList section */
		2CFA87D92B3ECDED0081CC1F /* Build configuration list for PBXProject "ZKLogDemo" */ = {
			isa = XCConfigurationList;
			buildConfigurations = (
				2CFA87F52B3ECDEF0081CC1F /* Debug */,
				2CFA87F62B3ECDEF0081CC1F /* Release */,
			);
			defaultConfigurationIsVisible = 0;
			defaultConfigurationName = Release;
		};
		2CFA87F72B3ECDEF0081CC1F /* Build configuration list for PBXNativeTarget "ZKLogDemo" */ = {
			isa = XCConfigurationList;
			buildConfigurations = (
				2CFA87F82B3ECDEF0081CC1F /* Debug */,
				2CFA87F92B3ECDEF0081CC1F /* Release */,
			);
			defaultConfigurationIsVisible = 0;
			defaultConfigurationName = Release;
		};
/* End XCConfigurationList section */
	};
	rootObject = 2CFA87D62B3ECDED0081CC1F /* Project object */;
}
